Microsoft Visual Studio Solution File, Format Version 12.00
# Visual Studio 2013
VisualStudioVersion = 12.0.21005.1
MinimumVisualStudioVersion = 10.0.40219.1
Project("{8BC9CEB8-8B4A-11D0-8D11-00A0C91BC942}") = "WebTunnel", "WebTunnel\WebTunnel_vs120.vcxproj", "{B9F549C3-AD48-4CA5-B83A-15C7C4AB2400}"
	ProjectSection(ProjectDependencies) = postProject
		{0E7FE914-0690-3EB4-9119-93A97CC97741} = {0E7FE914-0690-3EB4-9119-93A97CC97741}
		{9E211743-85FE-4977-82F3-4F04B40C912D} = {9E211743-85FE-4977-82F3-4F04B40C912D}
		{EEEE7259-32E9-4D56-B023-C733940AB2A0} = {EEEE7259-32E9-4D56-B023-C733940AB2A0}
		{5AECC55E-A469-11DA-8DA6-005056C00008} = {5AECC55E-A469-11DA-8DA6-005056C00008}
		{6FF56CDB-787A-4714-A28C-919003F9FA6C} = {6FF56CDB-787A-4714-A28C-919003F9FA6C}
		{B057A1FE-09F7-465E-B8B5-E1B659051D76} = {B057A1FE-09F7-465E-B8B5-E1B659051D76}
	EndProjectSection
EndProject
Project("{8BC9CEB8-8B4A-11D0-8D11-00A0C91BC942}") = "WebTunnelAgent", "WebTunnel\WebTunnelAgent\WebTunnelAgent_vs120.vcxproj", "{D2818248-3379-399A-997A-74285E034C90}"
	ProjectSection(ProjectDependencies) = postProject
		{0E7FE914-0690-3EB4-9119-93A97CC97741} = {0E7FE914-0690-3EB4-9119-93A97CC97741}
		{9E211743-85FE-4977-82F3-4F04B40C912D} = {9E211743-85FE-4977-82F3-4F04B40C912D}
		{EEEE7259-32E9-4D56-B023-C733940AB2A0} = {EEEE7259-32E9-4D56-B023-C733940AB2A0}
		{5AECC55E-A469-11DA-8DA6-005056C00008} = {5AECC55E-A469-11DA-8DA6-005056C00008}
		{B9F549C3-AD48-4CA5-B83A-15C7C4AB2400} = {B9F549C3-AD48-4CA5-B83A-15C7C4AB2400}
		{6FF56CDB-787A-4714-A28C-919003F9FA6C} = {6FF56CDB-787A-4714-A28C-919003F9FA6C}
		{B057A1FE-09F7-465E-B8B5-E1B659051D76} = {B057A1FE-09F7-465E-B8B5-E1B659051D76}
	EndProjectSection
EndProject
Project("{8BC9CEB8-8B4A-11D0-8D11-00A0C91BC942}") = "WebTunnelClient", "WebTunnel\WebTunnelClient\WebTunnelClient_vs120.vcxproj", "{95E343A2-E65C-3871-BEA8-392C1B734D2D}"
	ProjectSection(ProjectDependencies) = postProject
		{0E7FE914-0690-3EB4-9119-93A97CC97741} = {0E7FE914-0690-3EB4-9119-93A97CC97741}
		{9E211743-85FE-4977-82F3-4F04B40C912D} = {9E211743-85FE-4977-82F3-4F04B40C912D}
		{D2818248-3379-399A-997A-74285E034C90} = {D2818248-3379-399A-997A-74285E034C90}
		{EEEE7259-32E9-4D56-B023-C733940AB2A0} = {EEEE7259-32E9-4D56-B023-C733940AB2A0}
		{5AECC55E-A469-11DA-8DA6-005056C00008} = {5AECC55E-A469-11DA-8DA6-005056C00008}
		{B9F549C3-AD48-4CA5-B83A-15C7C4AB2400} = {B9F549C3-AD48-4CA5-B83A-15C7C4AB2400}
		{6FF56CDB-787A-4714-A28C-919003F9FA6C} = {6FF56CDB-787A-4714-A28C-919003F9FA6C}
		{B057A1FE-09F7-465E-B8B5-E1B659051D76} = {B057A1FE-09F7-465E-B8B5-E1B659051D76}
	EndProjectSection
EndProject
Project("{8BC9CEB8-8B4A-11D0-8D11-00A0C91BC942}") = "WebTunnelVNC", "WebTunnel\WebTunnelVNC\WebTunnelVNC_vs120.vcxproj", "{66A3E9EA-DDFF-3D09-BEC7-379E0E08E49B}"
	ProjectSection(ProjectDependencies) = postProject
		{0E7FE914-0690-3EB4-9119-93A97CC97741} = {0E7FE914-0690-3EB4-9119-93A97CC97741}
		{9E211743-85FE-4977-82F3-4F04B40C912D} = {9E211743-85FE-4977-82F3-4F04B40C912D}
		{D2818248-3379-399A-997A-74285E034C90} = {D2818248-3379-399A-997A-74285E034C90}
		{EEEE7259-32E9-4D56-B023-C733940AB2A0} = {EEEE7259-32E9-4D56-B023-C733940AB2A0}
		{5AECC55E-A469-11DA-8DA6-005056C00008} = {5AECC55E-A469-11DA-8DA6-005056C00008}
		{95E343A2-E65C-3871-BEA8-392C1B734D2D} = {95E343A2-E65C-3871-BEA8-392C1B734D2D}
		{B9F549C3-AD48-4CA5-B83A-15C7C4AB2400} = {B9F549C3-AD48-4CA5-B83A-15C7C4AB2400}
		{6FF56CDB-787A-4714-A28C-919003F9FA6C} = {6FF56CDB-787A-4714-A28C-919003F9FA6C}
		{B057A1FE-09F7-465E-B8B5-E1B659051D76} = {B057A1FE-09F7-465E-B8B5-E1B659051D76}
	EndProjectSection
EndProject
Project("{8BC9CEB8-8B4A-11D0-8D11-00A0C91BC942}") = "Crypto", "poco\Crypto\Crypto_vs120.vcxproj", "{EEEE7259-32E9-4D56-B023-C733940AB2A0}"
	ProjectSection(ProjectDependencies) = postProject
		{B01196CC-B693-4548-8464-2FF60499E73F} = {B01196CC-B693-4548-8464-2FF60499E73F}
	EndProjectSection
EndProject
Project("{8BC9CEB8-8B4A-11D0-8D11-00A0C91BC942}") = "Foundation", "poco\Foundation\Foundation_vs120.vcxproj", "{B01196CC-B693-4548-8464-2FF60499E73F}"
EndProject
Project("{8BC9CEB8-8B4A-11D0-8D11-00A0C91BC942}") = "JSON", "poco\JSON\JSON_vs120.vcxproj", "{0E7FE914-0690-3EB4-9119-93A97CC97741}"
	ProjectSection(ProjectDependencies) = postProject
		{B01196CC-B693-4548-8464-2FF60499E73F} = {B01196CC-B693-4548-8464-2FF60499E73F}
	EndProjectSection
EndProject
Project("{8BC9CEB8-8B4A-11D0-8D11-00A0C91BC942}") = "Net", "poco\Net\Net_vs120.vcxproj", "{B057A1FE-09F7-465E-B8B5-E1B659051D76}"
	ProjectSection(ProjectDependencies) = postProject
		{B01196CC-B693-4548-8464-2FF60499E73F} = {B01196CC-B693-4548-8464-2FF60499E73F}
	EndProjectSection
EndProject
Project("{8BC9CEB8-8B4A-11D0-8D11-00A0C91BC942}") = "NetSSL_OpenSSL", "poco\NetSSL_OpenSSL\NetSSL_OpenSSL_vs120.vcxproj", "{5AECC55E-A469-11DA-8DA6-005056C00008}"
	ProjectSection(ProjectDependencies) = postProject
		{EEEE7259-32E9-4D56-B023-C733940AB2A0} = {EEEE7259-32E9-4D56-B023-C733940AB2A0}
		{B01196CC-B693-4548-8464-2FF60499E73F} = {B01196CC-B693-4548-8464-2FF60499E73F}
		{B057A1FE-09F7-465E-B8B5-E1B659051D76} = {B057A1FE-09F7-465E-B8B5-E1B659051D76}
	EndProjectSection
EndProject
Project("{8BC9CEB8-8B4A-11D0-8D11-00A0C91BC942}") = "XML", "poco\XML\XML_vs120.vcxproj", "{9E211743-85FE-4977-82F3-4F04B40C912D}"
	ProjectSection(ProjectDependencies) = postProject
		{B01196CC-B693-4548-8464-2FF60499E73F} = {B01196CC-B693-4548-8464-2FF60499E73F}
	EndProjectSection
EndProject
Project("{8BC9CEB8-8B4A-11D0-8D11-00A0C91BC942}") = "Util", "poco\Util\Util_vs120.vcxproj", "{6FF56CDB-787A-4714-A28C-919003F9FA6C}"
	ProjectSection(ProjectDependencies) = postProject
		{0E7FE914-0690-3EB4-9119-93A97CC97741} = {0E7FE914-0690-3EB4-9119-93A97CC97741}
		{9E211743-85FE-4977-82F3-4F04B40C912D} = {9E211743-85FE-4977-82F3-4F04B40C912D}
		{B01196CC-B693-4548-8464-2FF60499E73F} = {B01196CC-B693-4548-8464-2FF60499E73F}
	EndProjectSection
EndProject
Project("{8BC9CEB8-8B4A-11D0-8D11-00A0C91BC942}") = "WebTunnelSSH", "WebTunnel\WebTunnelSSH\WebTunnelSSH_vs120.vcxproj", "{0D848FB4-EEB3-3F9D-A05E-E5E09EE03820}"
EndProject
Global
	GlobalSection(SolutionConfigurationPlatforms) = preSolution
		debug_shared|Win32 = debug_shared|Win32
		debug_static_md|Win32 = debug_static_md|Win32
		debug_static_mt|Win32 = debug_static_mt|Win32
		release_shared|Win32 = release_shared|Win32
		release_static_md|Win32 = release_static_md|Win32
		release_static_mt|Win32 = release_static_mt|Win32
	EndGlobalSection
	GlobalSection(ProjectConfigurationPlatforms) = postSolution
		{B9F549C3-AD48-4CA5-B83A-15C7C4AB2400}.debug_shared|Win32.ActiveCfg = debug_shared|Win32
		{B9F549C3-AD48-4CA5-B83A-15C7C4AB2400}.debug_shared|Win32.Build.0 = debug_shared|Win32
		{B9F549C3-AD48-4CA5-B83A-15C7C4AB2400}.debug_static_md|Win32.ActiveCfg = debug_static_md|Win32
		{B9F549C3-AD48-4CA5-B83A-15C7C4AB2400}.debug_static_md|Win32.Build.0 = debug_static_md|Win32
		{B9F549C3-AD48-4CA5-B83A-15C7C4AB2400}.debug_static_mt|Win32.ActiveCfg = debug_static_mt|Win32
		{B9F549C3-AD48-4CA5-B83A-15C7C4AB2400}.debug_static_mt|Win32.Build.0 = debug_static_mt|Win32
		{B9F549C3-AD48-4CA5-B83A-15C7C4AB2400}.release_shared|Win32.ActiveCfg = release_shared|Win32
		{B9F549C3-AD48-4CA5-B83A-15C7C4AB2400}.release_shared|Win32.Build.0 = release_shared|Win32
		{B9F549C3-AD48-4CA5-B83A-15C7C4AB2400}.release_static_md|Win32.ActiveCfg = release_static_md|Win32
		{B9F549C3-AD48-4CA5-B83A-15C7C4AB2400}.release_static_md|Win32.Build.0 = release_static_md|Win32
		{B9F549C3-AD48-4CA5-B83A-15C7C4AB2400}.release_static_mt|Win32.ActiveCfg = release_static_mt|Win32
		{B9F549C3-AD48-4CA5-B83A-15C7C4AB2400}.release_static_mt|Win32.Build.0 = release_static_mt|Win32
		{D2818248-3379-399A-997A-74285E034C90}.debug_shared|Win32.ActiveCfg = debug_shared|Win32
		{D2818248-3379-399A-997A-74285E034C90}.debug_shared|Win32.Build.0 = debug_shared|Win32
		{D2818248-3379-399A-997A-74285E034C90}.debug_shared|Win32.Deploy.0 = debug_shared|Win32
		{D2818248-3379-399A-997A-74285E034C90}.debug_static_md|Win32.ActiveCfg = debug_static_md|Win32
		{D2818248-3379-399A-997A-74285E034C90}.debug_static_md|Win32.Build.0 = debug_static_md|Win32
		{D2818248-3379-399A-997A-74285E034C90}.debug_static_md|Win32.Deploy.0 = debug_static_md|Win32
		{D2818248-3379-399A-997A-74285E034C90}.debug_static_mt|Win32.ActiveCfg = debug_static_mt|Win32
		{D2818248-3379-399A-997A-74285E034C90}.debug_static_mt|Win32.Build.0 = debug_static_mt|Win32
		{D2818248-3379-399A-997A-74285E034C90}.debug_static_mt|Win32.Deploy.0 = debug_static_mt|Win32
		{D2818248-3379-399A-997A-74285E034C90}.release_shared|Win32.ActiveCfg = release_shared|Win32
		{D2818248-3379-399A-997A-74285E034C90}.release_shared|Win32.Build.0 = release_shared|Win32
		{D2818248-3379-399A-997A-74285E034C90}.release_shared|Win32.Deploy.0 = release_shared|Win32
		{D2818248-3379-399A-997A-74285E034C90}.release_static_md|Win32.ActiveCfg = release_static_md|Win32
		{D2818248-3379-399A-997A-74285E034C90}.release_static_md|Win32.Build.0 = release_static_md|Win32
		{D2818248-3379-399A-997A-74285E034C90}.release_static_md|Win32.Deploy.0 = release_static_md|Win32
		{D2818248-3379-399A-997A-74285E034C90}.release_static_mt|Win32.ActiveCfg = release_static_mt|Win32
		{D2818248-3379-399A-997A-74285E034C90}.release_static_mt|Win32.Build.0 = release_static_mt|Win32
		{D2818248-3379-399A-997A-74285E034C90}.release_static_mt|Win32.Deploy.0 = release_static_mt|Win32
		{95E343A2-E65C-3871-BEA8-392C1B734D2D}.debug_shared|Win32.ActiveCfg = debug_shared|Win32
		{95E343A2-E65C-3871-BEA8-392C1B734D2D}.debug_shared|Win32.Build.0 = debug_shared|Win32
		{95E343A2-E65C-3871-BEA8-392C1B734D2D}.debug_shared|Win32.Deploy.0 = debug_shared|Win32
		{95E343A2-E65C-3871-BEA8-392C1B734D2D}.debug_static_md|Win32.ActiveCfg = debug_static_md|Win32
		{95E343A2-E65C-3871-BEA8-392C1B734D2D}.debug_static_md|Win32.Build.0 = debug_static_md|Win32
		{95E343A2-E65C-3871-BEA8-392C1B734D2D}.debug_static_md|Win32.Deploy.0 = debug_static_md|Win32
		{95E343A2-E65C-3871-BEA8-392C1B734D2D}.debug_static_mt|Win32.ActiveCfg = debug_static_mt|Win32
		{95E343A2-E65C-3871-BEA8-392C1B734D2D}.debug_static_mt|Win32.Build.0 = debug_static_mt|Win32
		{95E343A2-E65C-3871-BEA8-392C1B734D2D}.debug_static_mt|Win32.Deploy.0 = debug_static_mt|Win32
		{95E343A2-E65C-3871-BEA8-392C1B734D2D}.release_shared|Win32.ActiveCfg = release_shared|Win32
		{95E343A2-E65C-3871-BEA8-392C1B734D2D}.release_shared|Win32.Build.0 = release_shared|Win32
		{95E343A2-E65C-3871-BEA8-392C1B734D2D}.release_shared|Win32.Deploy.0 = release_shared|Win32
		{95E343A2-E65C-3871-BEA8-392C1B734D2D}.release_static_md|Win32.ActiveCfg = release_static_md|Win32
		{95E343A2-E65C-3871-BEA8-392C1B734D2D}.release_static_md|Win32.Build.0 = release_static_md|Win32
		{95E343A2-E65C-3871-BEA8-392C1B734D2D}.release_static_md|Win32.Deploy.0 = release_static_md|Win32
		{95E343A2-E65C-3871-BEA8-392C1B734D2D}.release_static_mt|Win32.ActiveCfg = release_static_mt|Win32
		{95E343A2-E65C-3871-BEA8-392C1B734D2D}.release_static_mt|Win32.Build.0 = release_static_mt|Win32
		{95E343A2-E65C-3871-BEA8-392C1B734D2D}.release_static_mt|Win32.Deploy.0 = release_static_mt|Win32
		{66A3E9EA-DDFF-3D09-BEC7-379E0E08E49B}.debug_shared|Win32.ActiveCfg = debug_shared|Win32
		{66A3E9EA-DDFF-3D09-BEC7-379E0E08E49B}.debug_shared|Win32.Build.0 = debug_shared|Win32
		{66A3E9EA-DDFF-3D09-BEC7-379E0E08E49B}.debug_shared|Win32.Deploy.0 = debug_shared|Win32
		{66A3E9EA-DDFF-3D09-BEC7-379E0E08E49B}.debug_static_md|Win32.ActiveCfg = debug_static_md|Win32
		{66A3E9EA-DDFF-3D09-BEC7-379E0E08E49B}.debug_static_md|Win32.Build.0 = debug_static_md|Win32
		{66A3E9EA-DDFF-3D09-BEC7-379E0E08E49B}.debug_static_md|Win32.Deploy.0 = debug_static_md|Win32
		{66A3E9EA-DDFF-3D09-BEC7-379E0E08E49B}.debug_static_mt|Win32.ActiveCfg = debug_static_mt|Win32
		{66A3E9EA-DDFF-3D09-BEC7-379E0E08E49B}.debug_static_mt|Win32.Build.0 = debug_static_mt|Win32
		{66A3E9EA-DDFF-3D09-BEC7-379E0E08E49B}.debug_static_mt|Win32.Deploy.0 = debug_static_mt|Win32
		{66A3E9EA-DDFF-3D09-BEC7-379E0E08E49B}.release_shared|Win32.ActiveCfg = release_shared|Win32
		{66A3E9EA-DDFF-3D09-BEC7-379E0E08E49B}.release_shared|Win32.Build.0 = release_shared|Win32
		{66A3E9EA-DDFF-3D09-BEC7-379E0E08E49B}.release_shared|Win32.Deploy.0 = release_shared|Win32
		{66A3E9EA-DDFF-3D09-BEC7-379E0E08E49B}.release_static_md|Win32.ActiveCfg = release_static_md|Win32
		{66A3E9EA-DDFF-3D09-BEC7-379E0E08E49B}.release_static_md|Win32.Build.0 = release_static_md|Win32
		{66A3E9EA-DDFF-3D09-BEC7-379E0E08E49B}.release_static_md|Win32.Deploy.0 = release_static_md|Win32
		{66A3E9EA-DDFF-3D09-BEC7-379E0E08E49B}.release_static_mt|Win32.ActiveCfg = release_static_mt|Win32
		{66A3E9EA-DDFF-3D09-BEC7-379E0E08E49B}.release_static_mt|Win32.Build.0 = release_static_mt|Win32
		{66A3E9EA-DDFF-3D09-BEC7-379E0E08E49B}.release_static_mt|Win32.Deploy.0 = release_static_mt|Win32
		{EEEE7259-32E9-4D56-B023-C733940AB2A0}.debug_shared|Win32.ActiveCfg = debug_shared|Win32
		{EEEE7259-32E9-4D56-B023-C733940AB2A0}.debug_shared|Win32.Build.0 = debug_shared|Win32
		{EEEE7259-32E9-4D56-B023-C733940AB2A0}.debug_static_md|Win32.ActiveCfg = debug_static_md|Win32
		{EEEE7259-32E9-4D56-B023-C733940AB2A0}.debug_static_md|Win32.Build.0 = debug_static_md|Win32
		{EEEE7259-32E9-4D56-B023-C733940AB2A0}.debug_static_mt|Win32.ActiveCfg = debug_static_mt|Win32
		{EEEE7259-32E9-4D56-B023-C733940AB2A0}.debug_static_mt|Win32.Build.0 = debug_static_mt|Win32
		{EEEE7259-32E9-4D56-B023-C733940AB2A0}.release_shared|Win32.ActiveCfg = release_shared|Win32
		{EEEE7259-32E9-4D56-B023-C733940AB2A0}.release_shared|Win32.Build.0 = release_shared|Win32
		{EEEE7259-32E9-4D56-B023-C733940AB2A0}.release_static_md|Win32.ActiveCfg = release_static_md|Win32
		{EEEE7259-32E9-4D56-B023-C733940AB2A0}.release_static_md|Win32.Build.0 = release_static_md|Win32
		{EEEE7259-32E9-4D56-B023-C733940AB2A0}.release_static_mt|Win32.ActiveCfg = release_static_mt|Win32
		{EEEE7259-32E9-4D56-B023-C733940AB2A0}.release_static_mt|Win32.Build.0 = release_static_mt|Win32
		{B01196CC-B693-4548-8464-2FF60499E73F}.debug_shared|Win32.ActiveCfg = debug_shared|Win32
		{B01196CC-B693-4548-8464-2FF60499E73F}.debug_shared|Win32.Build.0 = debug_shared|Win32
		{B01196CC-B693-4548-8464-2FF60499E73F}.debug_static_md|Win32.ActiveCfg = debug_static_md|Win32
		{B01196CC-B693-4548-8464-2FF60499E73F}.debug_static_md|Win32.Build.0 = debug_static_md|Win32
		{B01196CC-B693-4548-8464-2FF60499E73F}.debug_static_mt|Win32.ActiveCfg = debug_static_mt|Win32
		{B01196CC-B693-4548-8464-2FF60499E73F}.debug_static_mt|Win32.Build.0 = debug_static_mt|Win32
		{B01196CC-B693-4548-8464-2FF60499E73F}.release_shared|Win32.ActiveCfg = release_shared|Win32
		{B01196CC-B693-4548-8464-2FF60499E73F}.release_shared|Win32.Build.0 = release_shared|Win32
		{B01196CC-B693-4548-8464-2FF60499E73F}.release_static_md|Win32.ActiveCfg = release_static_md|Win32
		{B01196CC-B693-4548-8464-2FF60499E73F}.release_static_md|Win32.Build.0 = release_static_md|Win32
		{B01196CC-B693-4548-8464-2FF60499E73F}.release_static_mt|Win32.ActiveCfg = release_static_mt|Win32
		{B01196CC-B693-4548-8464-2FF60499E73F}.release_static_mt|Win32.Build.0 = release_static_mt|Win32
		{0E7FE914-0690-3EB4-9119-93A97CC97741}.debug_shared|Win32.ActiveCfg = debug_shared|Win32
		{0E7FE914-0690-3EB4-9119-93A97CC97741}.debug_shared|Win32.Build.0 = debug_shared|Win32
		{0E7FE914-0690-3EB4-9119-93A97CC97741}.debug_static_md|Win32.ActiveCfg = debug_static_md|Win32
		{0E7FE914-0690-3EB4-9119-93A97CC97741}.debug_static_md|Win32.Build.0 = debug_static_md|Win32
		{0E7FE914-0690-3EB4-9119-93A97CC97741}.debug_static_mt|Win32.ActiveCfg = debug_static_mt|Win32
		{0E7FE914-0690-3EB4-9119-93A97CC97741}.debug_static_mt|Win32.Build.0 = debug_static_mt|Win32
		{0E7FE914-0690-3EB4-9119-93A97CC97741}.release_shared|Win32.ActiveCfg = release_shared|Win32
		{0E7FE914-0690-3EB4-9119-93A97CC97741}.release_shared|Win32.Build.0 = release_shared|Win32
		{0E7FE914-0690-3EB4-9119-93A97CC97741}.release_static_md|Win32.ActiveCfg = release_static_md|Win32
		{0E7FE914-0690-3EB4-9119-93A97CC97741}.release_static_md|Win32.Build.0 = release_static_md|Win32
		{0E7FE914-0690-3EB4-9119-93A97CC97741}.release_static_mt|Win32.ActiveCfg = release_static_mt|Win32
		{0E7FE914-0690-3EB4-9119-93A97CC97741}.release_static_mt|Win32.Build.0 = release_static_mt|Win32
		{B057A1FE-09F7-465E-B8B5-E1B659051D76}.debug_shared|Win32.ActiveCfg = debug_shared|Win32
		{B057A1FE-09F7-465E-B8B5-E1B659051D76}.debug_shared|Win32.Build.0 = debug_shared|Win32
		{B057A1FE-09F7-465E-B8B5-E1B659051D76}.debug_static_md|Win32.ActiveCfg = debug_static_md|Win32
		{B057A1FE-09F7-465E-B8B5-E1B659051D76}.debug_static_md|Win32.Build.0 = debug_static_md|Win32
		{B057A1FE-09F7-465E-B8B5-E1B659051D76}.debug_static_mt|Win32.ActiveCfg = debug_static_mt|Win32
		{B057A1FE-09F7-465E-B8B5-E1B659051D76}.debug_static_mt|Win32.Build.0 = debug_static_mt|Win32
		{B057A1FE-09F7-465E-B8B5-E1B659051D76}.release_shared|Win32.ActiveCfg = release_shared|Win32
		{B057A1FE-09F7-465E-B8B5-E1B659051D76}.release_shared|Win32.Build.0 = release_shared|Win32
		{B057A1FE-09F7-465E-B8B5-E1B659051D76}.release_static_md|Win32.ActiveCfg = release_static_md|Win32
		{B057A1FE-09F7-465E-B8B5-E1B659051D76}.release_static_md|Win32.Build.0 = release_static_md|Win32
		{B057A1FE-09F7-465E-B8B5-E1B659051D76}.release_static_mt|Win32.ActiveCfg = release_static_mt|Win32
		{B057A1FE-09F7-465E-B8B5-E1B659051D76}.release_static_mt|Win32.Build.0 = release_static_mt|Win32
		{5AECC55E-A469-11DA-8DA6-005056C00008}.debug_shared|Win32.ActiveCfg = debug_shared|Win32
		{5AECC55E-A469-11DA-8DA6-005056C00008}.debug_shared|Win32.Build.0 = debug_shared|Win32
		{5AECC55E-A469-11DA-8DA6-005056C00008}.debug_static_md|Win32.ActiveCfg = debug_static_md|Win32
		{5AECC55E-A469-11DA-8DA6-005056C00008}.debug_static_md|Win32.Build.0 = debug_static_md|Win32
		{5AECC55E-A469-11DA-8DA6-005056C00008}.debug_static_mt|Win32.ActiveCfg = debug_static_mt|Win32
		{5AECC55E-A469-11DA-8DA6-005056C00008}.debug_static_mt|Win32.Build.0 = debug_static_mt|Win32
		{5AECC55E-A469-11DA-8DA6-005056C00008}.release_shared|Win32.ActiveCfg = release_shared|Win32
		{5AECC55E-A469-11DA-8DA6-005056C00008}.release_shared|Win32.Build.0 = release_shared|Win32
		{5AECC55E-A469-11DA-8DA6-005056C00008}.release_static_md|Win32.ActiveCfg = release_static_md|Win32
		{5AECC55E-A469-11DA-8DA6-005056C00008}.release_static_md|Win32.Build.0 = release_static_md|Win32
		{5AECC55E-A469-11DA-8DA6-005056C00008}.release_static_mt|Win32.ActiveCfg = release_static_mt|Win32
		{5AECC55E-A469-11DA-8DA6-005056C00008}.release_static_mt|Win32.Build.0 = release_static_mt|Win32
		{9E211743-85FE-4977-82F3-4F04B40C912D}.debug_shared|Win32.ActiveCfg = debug_shared|Win32
		{9E211743-85FE-4977-82F3-4F04B40C912D}.debug_shared|Win32.Build.0 = debug_shared|Win32
		{9E211743-85FE-4977-82F3-4F04B40C912D}.debug_static_md|Win32.ActiveCfg = debug_static_md|Win32
		{9E211743-85FE-4977-82F3-4F04B40C912D}.debug_static_md|Win32.Build.0 = debug_static_md|Win32
		{9E211743-85FE-4977-82F3-4F04B40C912D}.debug_static_mt|Win32.ActiveCfg = debug_static_mt|Win32
		{9E211743-85FE-4977-82F3-4F04B40C912D}.debug_static_mt|Win32.Build.0 = debug_static_mt|Win32
		{9E211743-85FE-4977-82F3-4F04B40C912D}.release_shared|Win32.ActiveCfg = release_shared|Win32
		{9E211743-85FE-4977-82F3-4F04B40C912D}.release_shared|Win32.Build.0 = release_shared|Win32
		{9E211743-85FE-4977-82F3-4F04B40C912D}.release_static_md|Win32.ActiveCfg = release_static_md|Win32
		{9E211743-85FE-4977-82F3-4F04B40C912D}.release_static_md|Win32.Build.0 = release_static_md|Win32
		{9E211743-85FE-4977-82F3-4F04B40C912D}.release_static_mt|Win32.ActiveCfg = release_static_mt|Win32
		{9E211743-85FE-4977-82F3-4F04B40C912D}.release_static_mt|Win32.Build.0 = release_static_mt|Win32
		{6FF56CDB-787A-4714-A28C-919003F9FA6C}.debug_shared|Win32.ActiveCfg = debug_shared|Win32
		{6FF56CDB-787A-4714-A28C-919003F9FA6C}.debug_shared|Win32.Build.0 = debug_shared|Win32
		{6FF56CDB-787A-4714-A28C-919003F9FA6C}.debug_static_md|Win32.ActiveCfg = debug_static_md|Win32
		{6FF56CDB-787A-4714-A28C-919003F9FA6C}.debug_static_md|Win32.Build.0 = debug_static_md|Win32
		{6FF56CDB-787A-4714-A28C-919003F9FA6C}.debug_static_mt|Win32.ActiveCfg = debug_static_mt|Win32
		{6FF56CDB-787A-4714-A28C-919003F9FA6C}.debug_static_mt|Win32.Build.0 = debug_static_mt|Win32
		{6FF56CDB-787A-4714-A28C-919003F9FA6C}.release_shared|Win32.ActiveCfg = release_shared|Win32
		{6FF56CDB-787A-4714-A28C-919003F9FA6C}.release_shared|Win32.Build.0 = release_shared|Win32
		{6FF56CDB-787A-4714-A28C-919003F9FA6C}.release_static_md|Win32.ActiveCfg = release_static_md|Win32
		{6FF56CDB-787A-4714-A28C-919003F9FA6C}.release_static_md|Win32.Build.0 = release_static_md|Win32
		{6FF56CDB-787A-4714-A28C-919003F9FA6C}.release_static_mt|Win32.ActiveCfg = release_static_mt|Win32
		{6FF56CDB-787A-4714-A28C-919003F9FA6C}.release_static_mt|Win32.Build.0 = release_static_mt|Win32
		{0D848FB4-EEB3-3F9D-A05E-E5E09EE03820}.debug_shared|Win32.ActiveCfg = debug_shared|Win32
		{0D848FB4-EEB3-3F9D-A05E-E5E09EE03820}.debug_shared|Win32.Build.0 = debug_shared|Win32
		{0D848FB4-EEB3-3F9D-A05E-E5E09EE03820}.debug_static_md|Win32.ActiveCfg = debug_static_md|Win32
		{0D848FB4-EEB3-3F9D-A05E-E5E09EE03820}.debug_static_md|Win32.Build.0 = debug_static_md|Win32
		{0D848FB4-EEB3-3F9D-A05E-E5E09EE03820}.debug_static_mt|Win32.ActiveCfg = debug_static_mt|Win32
		{0D848FB4-EEB3-3F9D-A05E-E5E09EE03820}.debug_static_mt|Win32.Build.0 = debug_static_mt|Win32
		{0D848FB4-EEB3-3F9D-A05E-E5E09EE03820}.release_shared|Win32.ActiveCfg = release_shared|Win32
		{0D848FB4-EEB3-3F9D-A05E-E5E09EE03820}.release_shared|Win32.Build.0 = release_shared|Win32
		{0D848FB4-EEB3-3F9D-A05E-E5E09EE03820}.release_static_md|Win32.ActiveCfg = release_static_md|Win32
		{0D848FB4-EEB3-3F9D-A05E-E5E09EE03820}.release_static_md|Win32.Build.0 = release_static_md|Win32
		{0D848FB4-EEB3-3F9D-A05E-E5E09EE03820}.release_static_mt|Win32.ActiveCfg = release_static_mt|Win32
		{0D848FB4-EEB3-3F9D-A05E-E5E09EE03820}.release_static_mt|Win32.Build.0 = release_static_mt|Win32
	EndGlobalSection
	GlobalSection(SolutionProperties) = preSolution
		HideSolutionNode = FALSE
	EndGlobalSection
EndGlobal
