<?xml version="1.0" encoding="utf-8"?>
<Project ToolsVersion="4.0" xmlns="http://schemas.microsoft.com/developer/msbuild/2003">
  <ItemGroup>
    <Filter Include="Core">
      <UniqueIdentifier>{fc017ec0-66e5-480b-882c-3352314c5d96}</UniqueIdentifier>
    </Filter>
    <Filter Include="Core\Header Files">
      <UniqueIdentifier>{420735f8-b7cd-4005-9b54-bf6f7b72401b}</UniqueIdentifier>
    </Filter>
    <Filter Include="Core\Source Files">
      <UniqueIdentifier>{98f0bcdf-dc68-4443-92d4-7d3d5b78e3d0}</UniqueIdentifier>
    </Filter>
    <Filter Include="Client">
      <UniqueIdentifier>{bdbc3551-23e4-4dcd-ab23-68a84146f894}</UniqueIdentifier>
    </Filter>
    <Filter Include="Client\Header Files">
      <UniqueIdentifier>{d6dc7359-3163-4811-b2f1-940a2e2e7893}</UniqueIdentifier>
    </Filter>
    <Filter Include="Client\Source Files">
      <UniqueIdentifier>{8912a6a7-90fe-428a-a8a7-99b609377098}</UniqueIdentifier>
    </Filter>
    <Filter Include="Server">
      <UniqueIdentifier>{e3877265-8c24-412f-8e28-f8aea8add43c}</UniqueIdentifier>
    </Filter>
    <Filter Include="Server\Header Files">
      <UniqueIdentifier>{85144bfb-2f94-4bbe-8440-f8bfaa942026}</UniqueIdentifier>
    </Filter>
    <Filter Include="Server\Source Files">
      <UniqueIdentifier>{9a85d019-44c3-4955-9a29-921bed5f5515}</UniqueIdentifier>
    </Filter>
    <Filter Include="Reflector">
      <UniqueIdentifier>{91d8c121-0455-4434-8436-af378078f053}</UniqueIdentifier>
    </Filter>
    <Filter Include="Reflector\Header Files">
      <UniqueIdentifier>{38c534cd-660c-43db-b239-1a057ec4e85f}</UniqueIdentifier>
    </Filter>
    <Filter Include="Reflector\Source Files">
      <UniqueIdentifier>{36323c99-04ca-4d7f-97a7-d042966092b2}</UniqueIdentifier>
    </Filter>
  </ItemGroup>
  <ItemGroup>
    <ClInclude Include="include\Poco\WebTunnel\Protocol.h">
      <Filter>Core\Header Files</Filter>
    </ClInclude>
    <ClInclude Include="include\Poco\WebTunnel\SocketDispatcher.h">
      <Filter>Core\Header Files</Filter>
    </ClInclude>
    <ClInclude Include="include\Poco\WebTunnel\WebTunnel.h">
      <Filter>Core\Header Files</Filter>
    </ClInclude>
    <ClInclude Include="include\Poco\WebTunnel\LocalPortForwarder.h">
      <Filter>Client\Header Files</Filter>
    </ClInclude>
    <ClInclude Include="include\Poco\WebTunnel\RemotePortForwarder.h">
      <Filter>Server\Header Files</Filter>
    </ClInclude>
    <ClInclude Include="include\Poco\WebTunnel\PortReflector.h">
      <Filter>Reflector\Header Files</Filter>
    </ClInclude>
    <ClInclude Include="include\Poco\WebTunnel\TunnelSocket.h">
      <Filter>Reflector\Header Files</Filter>
    </ClInclude>
    <ClInclude Include="include\Poco\WebTunnel\TunnelSocketImpl.h">
      <Filter>Reflector\Header Files</Filter>
    </ClInclude>
  </ItemGroup>
  <ItemGroup>
    <ClCompile Include="src\Protocol.cpp">
      <Filter>Core\Source Files</Filter>
    </ClCompile>
    <ClCompile Include="src\SocketDispatcher.cpp">
      <Filter>Core\Source Files</Filter>
    </ClCompile>
    <ClCompile Include="src\LocalPortForwarder.cpp">
      <Filter>Client\Source Files</Filter>
    </ClCompile>
    <ClCompile Include="src\RemotePortForwarder.cpp">
      <Filter>Server\Source Files</Filter>
    </ClCompile>
    <ClCompile Include="src\PortReflector.cpp">
      <Filter>Reflector\Source Files</Filter>
    </ClCompile>
    <ClCompile Include="src\TunnelSocket.cpp">
      <Filter>Reflector\Source Files</Filter>
    </ClCompile>
    <ClCompile Include="src\TunnelSocketImpl.cpp">
      <Filter>Reflector\Source Files</Filter>
    </ClCompile>
  </ItemGroup>
</Project>