<?xml version="1.0" encoding="utf-8"?>
<Project ToolsVersion="4.0" xmlns="http://schemas.microsoft.com/developer/msbuild/2003">
  <ItemGroup>
    <Filter Include="Core">
      <UniqueIdentifier>{5dffd03b-43cd-41b1-90b5-53da5656199e}</UniqueIdentifier>
    </Filter>
    <Filter Include="Core\Header Files">
      <UniqueIdentifier>{01a45db7-6f77-430b-8501-16383b8112a5}</UniqueIdentifier>
    </Filter>
    <Filter Include="Core\Source Files">
      <UniqueIdentifier>{133167b0-1721-4d8a-a2c3-8ed0dbbeb5f9}</UniqueIdentifier>
    </Filter>
    <Filter Include="Client">
      <UniqueIdentifier>{c0927392-71aa-4987-ab91-82a5634d5d52}</UniqueIdentifier>
    </Filter>
    <Filter Include="Client\Header Files">
      <UniqueIdentifier>{ec054a76-a915-49f7-8da8-56631775113b}</UniqueIdentifier>
    </Filter>
    <Filter Include="Client\Source Files">
      <UniqueIdentifier>{cbfa1b9a-607f-46e3-b454-411c42316ed8}</UniqueIdentifier>
    </Filter>
    <Filter Include="Agent">
      <UniqueIdentifier>{8e4a43c9-f12e-4402-8e10-3b4ced9174d6}</UniqueIdentifier>
    </Filter>
    <Filter Include="Agent\Header Files">
      <UniqueIdentifier>{a082d10c-26e6-4ceb-bfac-9213c98a560e}</UniqueIdentifier>
    </Filter>
    <Filter Include="Agent\Source Files">
      <UniqueIdentifier>{47808aaf-072d-4af7-bb7e-b7ce9496247a}</UniqueIdentifier>
    </Filter>
  </ItemGroup>
  <ItemGroup>
    <ClInclude Include="include\Poco\WebTunnel\Protocol.h">
      <Filter>Core\Header Files</Filter>
    </ClInclude>
    <ClInclude Include="include\Poco\WebTunnel\SocketDispatcher.h">
      <Filter>Core\Header Files</Filter>
    </ClInclude>
    <ClInclude Include="include\Poco\WebTunnel\WebTunnel.h">
      <Filter>Core\Header Files</Filter>
    </ClInclude>
    <ClInclude Include="include\Poco\WebTunnel\LocalPortForwarder.h">
      <Filter>Client\Header Files</Filter>
    </ClInclude>
    <ClInclude Include="include\Poco\WebTunnel\RemotePortForwarder.h">
      <Filter>Agent\Header Files</Filter>
    </ClInclude>
  </ItemGroup>
  <ItemGroup>
    <ClCompile Include="src\Protocol.cpp">
      <Filter>Core\Source Files</Filter>
    </ClCompile>
    <ClCompile Include="src\SocketDispatcher.cpp">
      <Filter>Core\Source Files</Filter>
    </ClCompile>
    <ClCompile Include="src\LocalPortForwarder.cpp">
      <Filter>Client\Source Files</Filter>
    </ClCompile>
    <ClCompile Include="src\RemotePortForwarder.cpp">
      <Filter>Agent\Source Files</Filter>
    </ClCompile>
  </ItemGroup>
</Project>