<?xml version="1.0" encoding="utf-8"?>
<Project ToolsVersion="4.0" xmlns="http://schemas.microsoft.com/developer/msbuild/2003">
  <ItemGroup>
    <Filter Include="Core">
      <UniqueIdentifier>{2cb34b5f-bd23-440b-8cef-787a9d558aef}</UniqueIdentifier>
    </Filter>
    <Filter Include="Core\Header Files">
      <UniqueIdentifier>{6422ec7e-9a56-4d33-85d5-c0faefea69be}</UniqueIdentifier>
    </Filter>
    <Filter Include="Core\Source Files">
      <UniqueIdentifier>{c9d046c1-a998-4c2e-bd94-67d00bafe72c}</UniqueIdentifier>
    </Filter>
    <Filter Include="Client">
      <UniqueIdentifier>{400fe298-3e0e-4371-b1a0-8a7a716927ec}</UniqueIdentifier>
    </Filter>
    <Filter Include="Client\Header Files">
      <UniqueIdentifier>{dcc7fed7-7e04-4a60-85f1-8739fe4453c8}</UniqueIdentifier>
    </Filter>
    <Filter Include="Client\Source Files">
      <UniqueIdentifier>{bdfe5488-165f-4593-a7b2-a8772ca9a867}</UniqueIdentifier>
    </Filter>
    <Filter Include="Server">
      <UniqueIdentifier>{ccb2062e-8948-4a31-9fc6-a0b186973430}</UniqueIdentifier>
    </Filter>
    <Filter Include="Server\Header Files">
      <UniqueIdentifier>{e368dba8-4ee7-4c3f-a0ed-0b1a05b8abb1}</UniqueIdentifier>
    </Filter>
    <Filter Include="Server\Source Files">
      <UniqueIdentifier>{19125550-8c83-489b-8d39-e4a44188f4df}</UniqueIdentifier>
    </Filter>
    <Filter Include="Reflector">
      <UniqueIdentifier>{00097da6-4813-469a-b51c-b23f66e5262f}</UniqueIdentifier>
    </Filter>
    <Filter Include="Reflector\Header Files">
      <UniqueIdentifier>{53c6979a-b6c2-4f40-afbf-dab37328ed47}</UniqueIdentifier>
    </Filter>
    <Filter Include="Reflector\Source Files">
      <UniqueIdentifier>{0ec7a643-1dbc-466c-bd6b-180c2ced273f}</UniqueIdentifier>
    </Filter>
  </ItemGroup>
  <ItemGroup>
    <ClInclude Include="include\Poco\WebTunnel\Protocol.h">
      <Filter>Core\Header Files</Filter>
    </ClInclude>
    <ClInclude Include="include\Poco\WebTunnel\SocketDispatcher.h">
      <Filter>Core\Header Files</Filter>
    </ClInclude>
    <ClInclude Include="include\Poco\WebTunnel\WebTunnel.h">
      <Filter>Core\Header Files</Filter>
    </ClInclude>
    <ClInclude Include="include\Poco\WebTunnel\LocalPortForwarder.h">
      <Filter>Client\Header Files</Filter>
    </ClInclude>
    <ClInclude Include="include\Poco\WebTunnel\RemotePortForwarder.h">
      <Filter>Server\Header Files</Filter>
    </ClInclude>
    <ClInclude Include="include\Poco\WebTunnel\PortReflector.h">
      <Filter>Reflector\Header Files</Filter>
    </ClInclude>
    <ClInclude Include="include\Poco\WebTunnel\TunnelSocket.h">
      <Filter>Reflector\Header Files</Filter>
    </ClInclude>
    <ClInclude Include="include\Poco\WebTunnel\TunnelSocketImpl.h">
      <Filter>Reflector\Header Files</Filter>
    </ClInclude>
  </ItemGroup>
  <ItemGroup>
    <ClCompile Include="src\Protocol.cpp">
      <Filter>Core\Source Files</Filter>
    </ClCompile>
    <ClCompile Include="src\SocketDispatcher.cpp">
      <Filter>Core\Source Files</Filter>
    </ClCompile>
    <ClCompile Include="src\LocalPortForwarder.cpp">
      <Filter>Client\Source Files</Filter>
    </ClCompile>
    <ClCompile Include="src\RemotePortForwarder.cpp">
      <Filter>Server\Source Files</Filter>
    </ClCompile>
    <ClCompile Include="src\PortReflector.cpp">
      <Filter>Reflector\Source Files</Filter>
    </ClCompile>
    <ClCompile Include="src\TunnelSocket.cpp">
      <Filter>Reflector\Source Files</Filter>
    </ClCompile>
    <ClCompile Include="src\TunnelSocketImpl.cpp">
      <Filter>Reflector\Source Files</Filter>
    </ClCompile>
  </ItemGroup>
</Project>