<?xml version="1.0" encoding="utf-8"?>
<Project ToolsVersion="4.0" xmlns="http://schemas.microsoft.com/developer/msbuild/2003">
  <ItemGroup>
    <Filter Include="Core">
      <UniqueIdentifier>{0923f387-cab1-4ff1-a974-8a01d8765f1a}</UniqueIdentifier>
    </Filter>
    <Filter Include="Core\Header Files">
      <UniqueIdentifier>{3c2c9939-4ed9-4dd4-bb97-6abf4819f638}</UniqueIdentifier>
    </Filter>
    <Filter Include="Core\Source Files">
      <UniqueIdentifier>{1ae32fbd-009f-48fc-aa2d-35cf88135cb8}</UniqueIdentifier>
    </Filter>
    <Filter Include="Client">
      <UniqueIdentifier>{6eb26966-7f27-4687-9271-f19ab1a35f8a}</UniqueIdentifier>
    </Filter>
    <Filter Include="Client\Header Files">
      <UniqueIdentifier>{29a41cb3-da63-48b4-ae98-de711e2a1b70}</UniqueIdentifier>
    </Filter>
    <Filter Include="Client\Source Files">
      <UniqueIdentifier>{f38f75f4-a7df-44a7-a538-2e043e122cee}</UniqueIdentifier>
    </Filter>
    <Filter Include="Server">
      <UniqueIdentifier>{fbbad568-89d5-4c65-aa62-60e5dabe4553}</UniqueIdentifier>
    </Filter>
    <Filter Include="Server\Header Files">
      <UniqueIdentifier>{456ff9f5-3a13-4faa-a4bc-a62e8ba069ac}</UniqueIdentifier>
    </Filter>
    <Filter Include="Server\Source Files">
      <UniqueIdentifier>{17c94109-a34a-4d0a-98c5-5ca80ba1271e}</UniqueIdentifier>
    </Filter>
    <Filter Include="Reflector">
      <UniqueIdentifier>{a7d101cf-be0c-48a5-9546-94e16891fbee}</UniqueIdentifier>
    </Filter>
    <Filter Include="Reflector\Header Files">
      <UniqueIdentifier>{866d33ae-f670-4b4f-9451-068af6fc548d}</UniqueIdentifier>
    </Filter>
    <Filter Include="Reflector\Source Files">
      <UniqueIdentifier>{f9f7853f-67c3-47a3-97c1-8fdb25ca271e}</UniqueIdentifier>
    </Filter>
  </ItemGroup>
  <ItemGroup>
    <ClInclude Include="include\Poco\WebTunnel\Protocol.h">
      <Filter>Core\Header Files</Filter>
    </ClInclude>
    <ClInclude Include="include\Poco\WebTunnel\SocketDispatcher.h">
      <Filter>Core\Header Files</Filter>
    </ClInclude>
    <ClInclude Include="include\Poco\WebTunnel\WebTunnel.h">
      <Filter>Core\Header Files</Filter>
    </ClInclude>
    <ClInclude Include="include\Poco\WebTunnel\LocalPortForwarder.h">
      <Filter>Client\Header Files</Filter>
    </ClInclude>
    <ClInclude Include="include\Poco\WebTunnel\RemotePortForwarder.h">
      <Filter>Server\Header Files</Filter>
    </ClInclude>
    <ClInclude Include="include\Poco\WebTunnel\PortReflector.h">
      <Filter>Reflector\Header Files</Filter>
    </ClInclude>
    <ClInclude Include="include\Poco\WebTunnel\TunnelSocket.h">
      <Filter>Reflector\Header Files</Filter>
    </ClInclude>
    <ClInclude Include="include\Poco\WebTunnel\TunnelSocketImpl.h">
      <Filter>Reflector\Header Files</Filter>
    </ClInclude>
  </ItemGroup>
  <ItemGroup>
    <ClCompile Include="src\Protocol.cpp">
      <Filter>Core\Source Files</Filter>
    </ClCompile>
    <ClCompile Include="src\SocketDispatcher.cpp">
      <Filter>Core\Source Files</Filter>
    </ClCompile>
    <ClCompile Include="src\LocalPortForwarder.cpp">
      <Filter>Client\Source Files</Filter>
    </ClCompile>
    <ClCompile Include="src\RemotePortForwarder.cpp">
      <Filter>Server\Source Files</Filter>
    </ClCompile>
    <ClCompile Include="src\PortReflector.cpp">
      <Filter>Reflector\Source Files</Filter>
    </ClCompile>
    <ClCompile Include="src\TunnelSocket.cpp">
      <Filter>Reflector\Source Files</Filter>
    </ClCompile>
    <ClCompile Include="src\TunnelSocketImpl.cpp">
      <Filter>Reflector\Source Files</Filter>
    </ClCompile>
  </ItemGroup>
</Project>